
Microsoft Visual Studio Solution File, Format Version 12.00
# Visual Studio Version 17
VisualStudioVersion = 17.0.32014.148
MinimumVisualStudioVersion = 10.0.40219.1
Project("{FAE04EC0-301F-11D3-BF4B-00C04F79EFBC}") = "TesteParaOGit", "TesteParaOGit.csproj", "{2191B97F-DC8E-43E1-8048-32F94C3F8D58}"
EndProject
Global
	GlobalSection(SolutionConfigurationPlatforms) = preSolution
		Debug|Any CPU = Debug|Any CPU
		Release|Any CPU = Release|Any CPU
	EndGlobalSection
	GlobalSection(ProjectConfigurationPlatforms) = postSolution
		{2191B97F-DC8E-43E1-8048-32F94C3F8D58}.Debug|Any CPU.ActiveCfg = Debug|Any CPU
		{2191B97F-DC8E-43E1-8048-32F94C3F8D58}.Debug|Any CPU.Build.0 = Debug|Any CPU
		{2191B97F-DC8E-43E1-8048-32F94C3F8D58}.Release|Any CPU.ActiveCfg = Release|Any CPU
		{2191B97F-DC8E-43E1-8048-32F94C3F8D58}.Release|Any CPU.Build.0 = Release|Any CPU
	EndGlobalSection
	GlobalSection(SolutionProperties) = preSolution
		HideSolutionNode = FALSE
	EndGlobalSection
	GlobalSection(ExtensibilityGlobals) = postSolution
		SolutionGuid = {C096BF4D-715A-4AEA-87CB-7C64F713118A}
	EndGlobalSection
EndGlobal
